{
  "requires": true,
  "lockfileVersion": 1,
  "dependencies": {
    "flatted": {
      "version": "3.2.5",
      "resolved": "https://registry.npmjs.org/flatted/-/flatted-3.2.5.tgz",
      "integrity": "sha512-WIWGi2L3DyTUvUrwRKgGi9TwxQMUEqPOPQBVi71R96jZXJdFskXEmf54BoZaS1kknGODoIGASGEzBUYdyMCBJg=="
    }
  }
}
